
Microsoft Visual Studio Solution File, Format Version 12.00
# Visual Studio Version 17
VisualStudioVersion = 17.14.36212.18
MinimumVisualStudioVersion = 10.0.40219.1
Project("{FAE04EC0-301F-11D3-BF4B-00C04F79EFBC}") = "MIddleware", "MIddleware\MIddleware.csproj", "{03E2CC1B-B6E3-4CF9-921A-70A3954BAF5F}"
EndProject
Global
	GlobalSection(SolutionConfigurationPlatforms) = preSolution
		Debug|Any CPU = Debug|Any CPU
		Release|Any CPU = Release|Any CPU
	EndGlobalSection
	GlobalSection(ProjectConfigurationPlatforms) = postSolution
		{03E2CC1B-B6E3-4CF9-921A-70A3954BAF5F}.Debug|Any CPU.ActiveCfg = Debug|Any CPU
		{03E2CC1B-B6E3-4CF9-921A-70A3954BAF5F}.Debug|Any CPU.Build.0 = Debug|Any CPU
		{03E2CC1B-B6E3-4CF9-921A-70A3954BAF5F}.Release|Any CPU.ActiveCfg = Release|Any CPU
		{03E2CC1B-B6E3-4CF9-921A-70A3954BAF5F}.Release|Any CPU.Build.0 = Release|Any CPU
	EndGlobalSection
	GlobalSection(SolutionProperties) = preSolution
		HideSolutionNode = FALSE
	EndGlobalSection
	GlobalSection(ExtensibilityGlobals) = postSolution
		SolutionGuid = {16523C0E-188C-4739-8462-AB35AE49DE2E}
	EndGlobalSection
EndGlobal
